// !$*UTF8*$!
{
	archiveVersion = 1;
	classes = {
	};
	objectVersion = 71;
	objects = {

/* Begin PBXBuildFile section */
		84719F4C2EE01A1100EEF332 /* Tests/NetNewsWire-iOSTests/ActivityItemSourceTests.swift in Sources */ = {isa = PBXBuildFile; fileRef = 84719F4B2EE01A1100EEF332 /* Tests/NetNewsWire-iOSTests/ActivityItemSourceTests.swift */; };
		849182DD2FD32B1B005C3030 /* Appanoose.nnwtheme in Resources */ = {isa = PBXBuildFile; fileRef = 849182BB2FD32B1B005C3010 /* Appanoose.nnwtheme */; };
		849182DD2FD32B1B005C3031 /* Biblioteca.nnwtheme in Resources */ = {isa = PBXBuildFile; fileRef = 849182BB2FD32B1B005C3011 /* Biblioteca.nnwtheme */; };
		849182DD2FD32B1B005C3032 /* Hyperlegible.nnwtheme in Resources */ = {isa = PBXBuildFile; fileRef = 849182BB2FD32B1B005C3012 /* Hyperlegible.nnwtheme */; };
		849182DD2FD32B1B005C3033 /* NewsFax.nnwtheme in Resources */ = {isa = PBXBuildFile; fileRef = 849182BB2FD32B1B005C3013 /* NewsFax.nnwtheme */; };
		849182DD2FD32B1B005C3034 /* Promenade.nnwtheme in Resources */ = {isa = PBXBuildFile; fileRef = 849182BB2FD32B1B005C3014 /* Promenade.nnwtheme */; };
		849182DD2FD32B1B005C3035 /* Sepia.nnwtheme in Resources */ = {isa = PBXBuildFile; fileRef = 849182BB2FD32B1B005C3015 /* Sepia.nnwtheme */; };
		849182DD2FD32B1B005C3036 /* Tiqoe Dark.nnwtheme in Resources */ = {isa = PBXBuildFile; fileRef = 849182BB2FD32B1B005C3016 /* Tiqoe Dark.nnwtheme */; };
		849182DD2FD32B1B005C3037 /* Verdana Revival.nnwtheme in Resources */ = {isa = PBXBuildFile; fileRef = 849182BB2FD32B1B005C3017 /* Verdana Revival.nnwtheme */; };
/* End PBXBuildFile section */

/* Begin PBXContainerItemProxy section */
		518B2ED72351B3DD00400001 /* PBXContainerItemProxy */ = {
			isa = PBXContainerItemProxy;
			containerPortal = 849C64581ED37A5D003D8FC0 /* Project object */;
			proxyType = 1;
			remoteGlobalIDString = 840D617B2029031C009BC708;
			remoteInfo = "Nectar-iOS";
		};
/* End PBXContainerItemProxy section */

/* Begin PBXCopyFilesBuildPhase section */
		513C5CF1232571C2003D4054 /* Embed Foundation Extensions */ = {
			isa = PBXCopyFilesBuildPhase;
			buildActionMask = 2147483647;
			dstPath = "";
			dstSubfolderSpec = 13;
			files = (
			);
			name = "Embed Foundation Extensions";
			runOnlyForDeploymentPostprocessing = 0;
		};
		51C451DF2264C7F200C03939 /* Embed Frameworks */ = {
			isa = PBXCopyFilesBuildPhase;
			buildActionMask = 2147483647;
			dstPath = "";
			dstSubfolderSpec = 10;
			files = (
			);
			name = "Embed Frameworks";
			runOnlyForDeploymentPostprocessing = 0;
		};
/* End PBXCopyFilesBuildPhase section */

/* Begin PBXFileReference section */
		518B2ED22351B3DD00400001 /* Nectar-iOSTests.xctest */ = {isa = PBXFileReference; explicitFileType = wrapper.cfbundle; includeInIndex = 0; path = "Nectar-iOSTests.xctest"; sourceTree = BUILT_PRODUCTS_DIR; };
		840A1F0A2E4133F400CFCCFC /* CLAUDE.md */ = {isa = PBXFileReference; lastKnownFileType = net.daringfireball.markdown; path = CLAUDE.md; sourceTree = "<group>"; };
		840D617C2029031C009BC708 /* Nectar.app */ = {isa = PBXFileReference; explicitFileType = wrapper.application; includeInIndex = 0; path = Nectar.app; sourceTree = BUILT_PRODUCTS_DIR; };
		844E47DC2E7DC72A0061A51A /* CODE_OF_CONDUCT.md */ = {isa = PBXFileReference; lastKnownFileType = net.daringfireball.markdown; path = CODE_OF_CONDUCT.md; sourceTree = "<group>"; };
		845B14A51FC2299E0013CF92 /* README.md */ = {isa = PBXFileReference; lastKnownFileType = net.daringfireball.markdown; path = README.md; sourceTree = "<group>"; };
		84719F4B2EE01A1100EEF332 /* Tests/NetNewsWire-iOSTests/ActivityItemSourceTests.swift */ = {isa = PBXFileReference; lastKnownFileType = sourcecode.swift; path = "Tests/NetNewsWire-iOSTests/ActivityItemSourceTests.swift"; sourceTree = SOURCE_ROOT; };
		848CEF1E2DB74B56002B35B5 /* NetNewsWire-iOS.xctestplan */ = {isa = PBXFileReference; lastKnownFileType = text; path = "NetNewsWire-iOS.xctestplan"; sourceTree = "<group>"; };
		849182BB2FD32B1B005C3010 /* Appanoose.nnwtheme */ = {isa = PBXFileReference; lastKnownFileType = folder; path = Appanoose.nnwtheme; sourceTree = "<group>"; };
		849182BB2FD32B1B005C3011 /* Biblioteca.nnwtheme */ = {isa = PBXFileReference; lastKnownFileType = folder; path = Biblioteca.nnwtheme; sourceTree = "<group>"; };
		849182BB2FD32B1B005C3012 /* Hyperlegible.nnwtheme */ = {isa = PBXFileReference; lastKnownFileType = folder; path = Hyperlegible.nnwtheme; sourceTree = "<group>"; };
		849182BB2FD32B1B005C3013 /* NewsFax.nnwtheme */ = {isa = PBXFileReference; lastKnownFileType = folder; path = NewsFax.nnwtheme; sourceTree = "<group>"; };
		849182BB2FD32B1B005C3014 /* Promenade.nnwtheme */ = {isa = PBXFileReference; lastKnownFileType = folder; path = Promenade.nnwtheme; sourceTree = "<group>"; };
		849182BB2FD32B1B005C3015 /* Sepia.nnwtheme */ = {isa = PBXFileReference; lastKnownFileType = folder; path = Sepia.nnwtheme; sourceTree = "<group>"; };
		849182BB2FD32B1B005C3016 /* Tiqoe Dark.nnwtheme */ = {isa = PBXFileReference; lastKnownFileType = folder; path = "Tiqoe Dark.nnwtheme"; sourceTree = "<group>"; };
		849182BB2FD32B1B005C3017 /* Verdana Revival.nnwtheme */ = {isa = PBXFileReference; lastKnownFileType = folder; path = "Verdana Revival.nnwtheme"; sourceTree = "<group>"; };
		84D2200922B0BC4B0019E085 /* CONTRIBUTING.md */ = {isa = PBXFileReference; lastKnownFileType = net.daringfireball.markdown; path = CONTRIBUTING.md; sourceTree = "<group>"; };
/* End PBXFileReference section */

/* Begin PBXFileSystemSynchronizedBuildFileExceptionSet section */
		84A6D03F2D1B4EC500F23315 /* PBXFileSystemSynchronizedBuildFileExceptionSet */ = {
			isa = PBXFileSystemSynchronizedBuildFileExceptionSet;
			membershipExceptions = (
				Resources/Info.plist,
			);
			target = 840D617B2029031C009BC708 /* Nectar-iOS */;
		};
/* End PBXFileSystemSynchronizedBuildFileExceptionSet section */

/* Begin PBXFileSystemSynchronizedRootGroup section */
		840A1F092E41337800CFCCFC /* Technotes */ = {isa = PBXFileSystemSynchronizedRootGroup; explicitFileTypes = {}; explicitFolders = (); path = Technotes; sourceTree = "<group>"; };
		84719F0E2DB9C52B00EEF332 /* Tests */ = {isa = PBXFileSystemSynchronizedRootGroup; explicitFileTypes = {}; explicitFolders = (); path = Tests; sourceTree = "<group>"; };
		84719F372DB9C60400EEF332 /* xcconfig */ = {isa = PBXFileSystemSynchronizedRootGroup; explicitFileTypes = {}; explicitFolders = (common, ); path = xcconfig; sourceTree = "<group>"; };
		84A6CFB52D1B4EC500F23315 /* iOS */ = {isa = PBXFileSystemSynchronizedRootGroup; exceptions = (84A6D03F2D1B4EC500F23315 /* PBXFileSystemSynchronizedBuildFileExceptionSet */, ); explicitFileTypes = {}; explicitFolders = (); path = iOS; sourceTree = "<group>"; };
		84CB35042DB9B5E2002AC251 /* Modules */ = {isa = PBXFileSystemSynchronizedRootGroup; explicitFileTypes = {}; explicitFolders = (); path = Modules; sourceTree = "<group>"; };
		84D35D422DB9F32D004AA60E /* Shared */ = {isa = PBXFileSystemSynchronizedRootGroup; explicitFileTypes = {}; explicitFolders = (); path = Shared; sourceTree = "<group>"; };
/* End PBXFileSystemSynchronizedRootGroup section */

/* Begin PBXFrameworksBuildPhase section */
		518B2ECF2351B3DD00400001 /* Frameworks */ = {
			isa = PBXFrameworksBuildPhase;
			buildActionMask = 2147483647;
			files = (
			);
			runOnlyForDeploymentPostprocessing = 0;
		};
		840D61792029031C009BC708 /* Frameworks */ = {
			isa = PBXFrameworksBuildPhase;
			buildActionMask = 2147483647;
			files = (
			);
			runOnlyForDeploymentPostprocessing = 0;
		};
/* End PBXFrameworksBuildPhase section */

/* Begin PBXGroup section */
		84023C9D2FC7E3B800284625 /* Recovered References */ = {
			isa = PBXGroup;
			children = (
				84719F4B2EE01A1100EEF332 /* Tests/NetNewsWire-iOSTests/ActivityItemSourceTests.swift */,
			);
			name = "Recovered References";
			sourceTree = "<group>";
		};
		849182072FD32B1B005C3150 /* Themes */ = {
			isa = PBXGroup;
			children = (
				849182BB2FD32B1B005C3010 /* Appanoose.nnwtheme */,
				849182BB2FD32B1B005C3011 /* Biblioteca.nnwtheme */,
				849182BB2FD32B1B005C3012 /* Hyperlegible.nnwtheme */,
				849182BB2FD32B1B005C3013 /* NewsFax.nnwtheme */,
				849182BB2FD32B1B005C3014 /* Promenade.nnwtheme */,
				849182BB2FD32B1B005C3015 /* Sepia.nnwtheme */,
				849182BB2FD32B1B005C3016 /* Tiqoe Dark.nnwtheme */,
				849182BB2FD32B1B005C3017 /* Verdana Revival.nnwtheme */,
			);
			path = Themes;
			sourceTree = "<group>";
		};
		849C64571ED37A5D003D8FC0 = {
			isa = PBXGroup;
			children = (
				845B14A51FC2299E0013CF92 /* README.md */,
				84D2200922B0BC4B0019E085 /* CONTRIBUTING.md */,
				844E47DC2E7DC72A0061A51A /* CODE_OF_CONDUCT.md */,
				840A1F0A2E4133F400CFCCFC /* CLAUDE.md */,
				848CEF1E2DB74B56002B35B5 /* NetNewsWire-iOS.xctestplan */,
				840A1F092E41337800CFCCFC /* Technotes */,
				84A6CFB52D1B4EC500F23315 /* iOS */,
				84D35D422DB9F32D004AA60E /* Shared */,
				849182072FD32B1B005C3150 /* Themes */,
				84719F0E2DB9C52B00EEF332 /* Tests */,
				84719F372DB9C60400EEF332 /* xcconfig */,
				849C64611ED37A5D003D8FC0 /* Products */,
				84CB35042DB9B5E2002AC251 /* Modules */,
				84023C9D2FC7E3B800284625 /* Recovered References */,
			);
			sourceTree = "<group>";
			usesTabs = 1;
		};
		849C64611ED37A5D003D8FC0 /* Products */ = {
			isa = PBXGroup;
			children = (
				840D617C2029031C009BC708 /* Nectar.app */,
				518B2ED22351B3DD00400001 /* Nectar-iOSTests.xctest */,
			);
			name = Products;
			sourceTree = "<group>";
		};
/* End PBXGroup section */

/* Begin PBXNativeTarget section */
		518B2ED12351B3DD00400001 /* Nectar-iOSTests */ = {
			isa = PBXNativeTarget;
			buildConfigurationList = 518B2EE72351B3DD00400001 /* Build configuration list for PBXNativeTarget "Nectar-iOSTests" */;
			buildPhases = (
				518B2ECE2351B3DD00400001 /* Sources */,
				518B2ECF2351B3DD00400001 /* Frameworks */,
				518B2ED02351B3DD00400001 /* Resources */,
			);
			buildRules = (
			);
			dependencies = (
				518B2ED82351B3DD00400001 /* PBXTargetDependency */,
			);
			name = "Nectar-iOSTests";
			productName = "Nectar-iOSTests";
			productReference = 518B2ED22351B3DD00400001 /* Nectar-iOSTests.xctest */;
			productType = "com.apple.product-type.bundle.unit-test";
		};
		840D617B2029031C009BC708 /* Nectar-iOS */ = {
			isa = PBXNativeTarget;
			buildConfigurationList = 840D61A32029031E009BC708 /* Build configuration list for PBXNativeTarget "Nectar-iOS" */;
			buildPhases = (
				840D61782029031C009BC708 /* Sources */,
				840D61792029031C009BC708 /* Frameworks */,
				840D617A2029031C009BC708 /* Resources */,
				51C451DF2264C7F200C03939 /* Embed Frameworks */,
				513C5CF1232571C2003D4054 /* Embed Foundation Extensions */,
				515D50802326D02600EE1167 /* Run Script: Verify No Build Settings */,
			);
			buildRules = (
			);
			dependencies = (
			);
			fileSystemSynchronizedGroups = (
				84A6CFB52D1B4EC500F23315 /* iOS */,
				84D35D422DB9F32D004AA60E /* Shared */,
			);
			name = "Nectar-iOS";
			packageProductDependencies = (
			);
			productName = "Nectar-iOS";
			productReference = 840D617C2029031C009BC708 /* Nectar.app */;
			productType = "com.apple.product-type.application";
		};
/* End PBXNativeTarget section */

/* Begin PBXProject section */
		849C64581ED37A5D003D8FC0 /* Project object */ = {
			isa = PBXProject;
			attributes = {
				LastSwiftUpdateCheck = 1240;
				LastUpgradeCheck = 2630;
				ORGANIZATIONNAME = "Ranchero Software";
				TargetAttributes = {
					518B2ED12351B3DD00400001 = {
						CreatedOnToolsVersion = 11.2;
						ProvisioningStyle = Automatic;
						TestTargetID = 840D617B2029031C009BC708;
					};
					840D617B2029031C009BC708 = {
						CreatedOnToolsVersion = 9.3;
						LastSwiftMigration = 1250;
						SystemCapabilities = {
							com.apple.BackgroundModes = {
								enabled = 1;
							};
						};
					};
				};
			};
			buildConfigurationList = 849C645B1ED37A5D003D8FC0 /* Build configuration list for PBXProject "NetNewsWire" */;
			compatibilityVersion = "Xcode 3.2";
			developmentRegion = en;
			hasScannedForEncodings = 0;
			knownRegions = (
				en,
				Base,
				es,
			);
			mainGroup = 849C64571ED37A5D003D8FC0;
			packageReferences = (
				17192AD82567B3D500AAEACA /* XCRemoteSwiftPackageReference "Sparkle-Binary" */,
				519CA8E325841DB700EB079A /* XCRemoteSwiftPackageReference "plcrashreporter" */,
			);
			productRefGroup = 849C64611ED37A5D003D8FC0 /* Products */;
			projectDirPath = "";
			projectRoot = "";
			targets = (
				840D617B2029031C009BC708 /* Nectar-iOS */,
				518B2ED12351B3DD00400001 /* Nectar-iOSTests */,
			);
		};
/* End PBXProject section */

/* Begin PBXResourcesBuildPhase section */
		518B2ED02351B3DD00400001 /* Resources */ = {
			isa = PBXResourcesBuildPhase;
			buildActionMask = 2147483647;
			files = (
			);
			runOnlyForDeploymentPostprocessing = 0;
		};
		840D617A2029031C009BC708 /* Resources */ = {
			isa = PBXResourcesBuildPhase;
			buildActionMask = 2147483647;
			files = (
				849182DD2FD32B1B005C3030 /* Appanoose.nnwtheme in Resources */,
				849182DD2FD32B1B005C3031 /* Biblioteca.nnwtheme in Resources */,
				849182DD2FD32B1B005C3032 /* Hyperlegible.nnwtheme in Resources */,
				849182DD2FD32B1B005C3033 /* NewsFax.nnwtheme in Resources */,
				849182DD2FD32B1B005C3034 /* Promenade.nnwtheme in Resources */,
				849182DD2FD32B1B005C3035 /* Sepia.nnwtheme in Resources */,
				849182DD2FD32B1B005C3036 /* Tiqoe Dark.nnwtheme in Resources */,
				849182DD2FD32B1B005C3037 /* Verdana Revival.nnwtheme in Resources */,
			);
			runOnlyForDeploymentPostprocessing = 0;
		};
/* End PBXResourcesBuildPhase section */

/* Begin PBXShellScriptBuildPhase section */
		515D50802326D02600EE1167 /* Run Script: Verify No Build Settings */ = {
			isa = PBXShellScriptBuildPhase;
			alwaysOutOfDate = 1;
			buildActionMask = 8;
			files = (
			);
			inputFileListPaths = (
			);
			inputPaths = (
			);
			name = "Run Script: Verify No Build Settings";
			outputFileListPaths = (
			);
			outputPaths = (
			);
			runOnlyForDeploymentPostprocessing = 1;
			shellPath = /bin/sh;
			shellScript = "#xcrun -sdk macosx swiftc -target x86_64-macosx10.11  buildscripts/VerifyNoBuildSettings.swift -o $CONFIGURATION_TEMP_DIR/VerifyNoBS\n#$CONFIGURATION_TEMP_DIR/VerifyNoBS ${PROJECT_NAME}.xcodeproj/project.pbxproj\n\n\n#if [ $? -ne 0 ]\n#then\n#   echo \"error: Build Setting were found in the project.pbxproj file.  Most likely you didn't intend to change this file and should revert it.\"\n#   exit 1\n#fi\n";
		};
/* End PBXShellScriptBuildPhase section */

/* Begin PBXSourcesBuildPhase section */
		518B2ECE2351B3DD00400001 /* Sources */ = {
			isa = PBXSourcesBuildPhase;
			buildActionMask = 2147483647;
			files = (
				84719F4C2EE01A1100EEF332 /* Tests/NetNewsWire-iOSTests/ActivityItemSourceTests.swift in Sources */,
			);
			runOnlyForDeploymentPostprocessing = 0;
		};
		840D61782029031C009BC708 /* Sources */ = {
			isa = PBXSourcesBuildPhase;
			buildActionMask = 2147483647;
			files = (
			);
			runOnlyForDeploymentPostprocessing = 0;
		};
/* End PBXSourcesBuildPhase section */

/* Begin PBXTargetDependency section */
		518B2ED82351B3DD00400001 /* PBXTargetDependency */ = {
			isa = PBXTargetDependency;
			target = 840D617B2029031C009BC708 /* Nectar-iOS */;
			targetProxy = 518B2ED72351B3DD00400001 /* PBXContainerItemProxy */;
		};
/* End PBXTargetDependency section */

/* Begin XCBuildConfiguration section */
		518B2ED92351B3DD00400001 /* Debug */ = {
			isa = XCBuildConfiguration;
			baseConfigurationReferenceAnchor = 84719F372DB9C60400EEF332 /* xcconfig */;
			baseConfigurationReferenceRelativePath = NetNewsWire_iOSTests_target.xcconfig;
			buildSettings = {
				DEVELOPMENT_TEAM = S35M3D45Z9;
				PRODUCT_BUNDLE_IDENTIFIER = com.kyrielie.nectar.NectarTests;
			};
			name = Debug;
		};
		518B2EDB2351B3DD00400001 /* Release */ = {
			isa = XCBuildConfiguration;
			baseConfigurationReferenceAnchor = 84719F372DB9C60400EEF332 /* xcconfig */;
			baseConfigurationReferenceRelativePath = NetNewsWire_iOSTests_target.xcconfig;
			buildSettings = {
				DEVELOPMENT_TEAM = S35M3D45Z9;
				PRODUCT_BUNDLE_IDENTIFIER = com.kyrielie.nectar.NectarTests;
			};
			name = Release;
		};
		840D61A42029031E009BC708 /* Debug */ = {
			isa = XCBuildConfiguration;
			baseConfigurationReferenceAnchor = 84719F372DB9C60400EEF332 /* xcconfig */;
			baseConfigurationReferenceRelativePath = NetNewsWire_iOSapp_target.xcconfig;
			buildSettings = {
				CODE_SIGN_IDENTITY = "Apple Development";
				CODE_SIGN_STYLE = Automatic;
				DEVELOPER_ENTITLEMENTS = "-dev";
				DEVELOPMENT_TEAM = S35M3D45Z9;
				PRODUCT_BUNDLE_IDENTIFIER = com.kyrielie.nectar;
				PROVISIONING_PROFILE_SPECIFIER = "";
			};
			name = Debug;
		};
		840D61A52029031E009BC708 /* Release */ = {
			isa = XCBuildConfiguration;
			baseConfigurationReferenceAnchor = 84719F372DB9C60400EEF332 /* xcconfig */;
			baseConfigurationReferenceRelativePath = NetNewsWire_iOSapp_target.xcconfig;
			buildSettings = {
				CODE_SIGN_IDENTITY = "Apple Development";
				CODE_SIGN_STYLE = Automatic;
				DEVELOPMENT_TEAM = S35M3D45Z9;
				PRODUCT_BUNDLE_IDENTIFIER = com.kyrielie.nectar;
				PROVISIONING_PROFILE_SPECIFIER = "";
			};
			name = Release;
		};
		849C64781ED37A5D003D8FC0 /* Debug */ = {
			isa = XCBuildConfiguration;
			baseConfigurationReferenceAnchor = 84719F372DB9C60400EEF332 /* xcconfig */;
			baseConfigurationReferenceRelativePath = NetNewsWire_project_debug.xcconfig;
			buildSettings = {
			};
			name = Debug;
		};
		849C64791ED37A5D003D8FC0 /* Release */ = {
			isa = XCBuildConfiguration;
			baseConfigurationReferenceAnchor = 84719F372DB9C60400EEF332 /* xcconfig */;
			baseConfigurationReferenceRelativePath = NetNewsWire_project_release.xcconfig;
			buildSettings = {
			};
			name = Release;
		};
/* End XCBuildConfiguration section */

/* Begin XCConfigurationList section */
		518B2EE72351B3DD00400001 /* Build configuration list for PBXNativeTarget "Nectar-iOSTests" */ = {
			isa = XCConfigurationList;
			buildConfigurations = (
				518B2ED92351B3DD00400001 /* Debug */,
				518B2EDB2351B3DD00400001 /* Release */,
			);
			defaultConfigurationIsVisible = 0;
			defaultConfigurationName = Release;
		};
		840D61A32029031E009BC708 /* Build configuration list for PBXNativeTarget "Nectar-iOS" */ = {
			isa = XCConfigurationList;
			buildConfigurations = (
				840D61A42029031E009BC708 /* Debug */,
				840D61A52029031E009BC708 /* Release */,
			);
			defaultConfigurationIsVisible = 0;
			defaultConfigurationName = Release;
		};
		849C645B1ED37A5D003D8FC0 /* Build configuration list for PBXProject "NetNewsWire" */ = {
			isa = XCConfigurationList;
			buildConfigurations = (
				849C64781ED37A5D003D8FC0 /* Debug */,
				849C64791ED37A5D003D8FC0 /* Release */,
			);
			defaultConfigurationIsVisible = 0;
			defaultConfigurationName = Release;
		};
/* End XCConfigurationList section */

/* Begin XCRemoteSwiftPackageReference section */
		17192AD82567B3D500AAEACA /* XCRemoteSwiftPackageReference "Sparkle-Binary" */ = {
			isa = XCRemoteSwiftPackageReference;
			repositoryURL = "https://github.com/Ranchero-Software/Sparkle-Binary.git";
			requirement = {
				kind = upToNextMajorVersion;
				minimumVersion = 2.0.0;
			};
		};
		519CA8E325841DB700EB079A /* XCRemoteSwiftPackageReference "plcrashreporter" */ = {
			isa = XCRemoteSwiftPackageReference;
			repositoryURL = "https://github.com/microsoft/plcrashreporter.git";
			requirement = {
				kind = upToNextMajorVersion;
				minimumVersion = 1.8.1;
			};
		};
/* End XCRemoteSwiftPackageReference section */
	};
	rootObject = 849C64581ED37A5D003D8FC0 /* Project object */;
}
